
Microsoft Visual Studio Solution File, Format Version 12.00
# Visual Studio Version 17
VisualStudioVersion = 17.14.36603.0
MinimumVisualStudioVersion = 10.0.40219.1
Project("{2150E333-8FDC-42A3-9474-1A3956D46DE8}") = "Task0", "Task0", "{36D591C7-65C7-A0D1-1CBC-10CDE441BDC8}"
EndProject
Project("{FAE04EC0-301F-11D3-BF4B-00C04F79EFBC}") = "Tyuiu.PrilukovDA.Sprint5.Task0.V30", "Tyuiu.PrilukovDA.Sprint5.Task0.V30\Tyuiu.PrilukovDA.Sprint5.Task0.V30.csproj", "{08DD807D-0DDB-4786-A3C4-B98302D88B4E}"
EndProject
Project("{FAE04EC0-301F-11D3-BF4B-00C04F79EFBC}") = "Tyuiu.PrilukovDA.Sprint5.Task0.V30.Lib", "Tyuiu.PrilukovDA.Sprint5.Task0.V30.Lib\Tyuiu.PrilukovDA.Sprint5.Task0.V30.Lib.csproj", "{52DB7E07-2550-4609-8701-4B8C0AB9A841}"
EndProject
Project("{FAE04EC0-301F-11D3-BF4B-00C04F79EFBC}") = "Tyuiu.PrilukovDA.Sprint5.Task0.V30.Test", "Tyuiu.PrilukovDA.Sprint5.Task0.V30.Test\Tyuiu.PrilukovDA.Sprint5.Task0.V30.Test.csproj", "{04E1DC45-C295-4AB9-8AA5-1C1CBF782BC9}"
EndProject
Project("{2150E333-8FDC-42A3-9474-1A3956D46DE8}") = "Task1", "Task1", "{27836EFB-1EA7-4EF1-AA86-9685E667DA0C}"
EndProject
Project("{FAE04EC0-301F-11D3-BF4B-00C04F79EFBC}") = "Tyuiu.PrilukovDA.Sprint5.Task1.V30", "Tyuiu.PrilukovDA.Sprint5.Task1.V30\Tyuiu.PrilukovDA.Sprint5.Task1.V30.csproj", "{061F0FBC-34C6-48DB-91AF-CB39929CC337}"
EndProject
Project("{FAE04EC0-301F-11D3-BF4B-00C04F79EFBC}") = "Tyuiu.PrilukovDA.Sprint5.Task1.V30.Lib", "Tyuiu.PrilukovDA.Sprint5.Task1.V30.Lib\Tyuiu.PrilukovDA.Sprint5.Task1.V30.Lib.csproj", "{3FB78A6C-3E10-4CF0-AAF0-4047D3E6E670}"
EndProject
Project("{FAE04EC0-301F-11D3-BF4B-00C04F79EFBC}") = "Tyuiu.PrilukovDA.Sprint5.Task1.V30.Test", "Tyuiu.PrilukovDA.Sprint5.Task1.V30.Test\Tyuiu.PrilukovDA.Sprint5.Task1.V30.Test.csproj", "{AA240C2B-9790-474E-9EFD-D1C609170AF7}"
EndProject
Project("{2150E333-8FDC-42A3-9474-1A3956D46DE8}") = "Task2", "Task2", "{B53DEAA4-8725-487D-9B78-BAC43A49BCB2}"
EndProject
Project("{FAE04EC0-301F-11D3-BF4B-00C04F79EFBC}") = "Tyuiu.PrilukovDA.Sprint5.Task2.V27", "Tyuiu.PrilukovDA.Sprint5.Task2.V27\Tyuiu.PrilukovDA.Sprint5.Task2.V27.csproj", "{6894516E-6C94-489A-AE5C-00A708266865}"
EndProject
Project("{FAE04EC0-301F-11D3-BF4B-00C04F79EFBC}") = "Tyuiu.PrilukovDA.Sprint5.Task2.V27.Lib", "Tyuiu.PrilukovDA.Sprint5.Task2.V27.Lib\Tyuiu.PrilukovDA.Sprint5.Task2.V27.Lib.csproj", "{AD137DEC-C12A-4DDD-8151-E6CA5A7D167C}"
EndProject
Project("{FAE04EC0-301F-11D3-BF4B-00C04F79EFBC}") = "Tyuiu.PrilukovDA.Sprint5.Task2.V27.Test", "Tyuiu.PrilukovDA.Sprint5.Task2.V27.Test\Tyuiu.PrilukovDA.Sprint5.Task2.V27.Test.csproj", "{881175DA-31F9-4A7A-89FC-8148020DC595}"
EndProject
Project("{2150E333-8FDC-42A3-9474-1A3956D46DE8}") = "Task3", "Task3", "{9B9F00E9-B318-4AA0-953A-5F0B5D3F4010}"
EndProject
Project("{FAE04EC0-301F-11D3-BF4B-00C04F79EFBC}") = "Tyuiu.PrilukovDA.Sprint5.Task3.V24", "Tyuiu.PrilukovDA.Sprint5.Task3.V24\Tyuiu.PrilukovDA.Sprint5.Task3.V24.csproj", "{7B0518C6-44FA-4501-A5D0-7582B5E60B99}"
EndProject
Project("{FAE04EC0-301F-11D3-BF4B-00C04F79EFBC}") = "Tyuiu.PrilukovDA.Sprint5.Task3.V24.Lib", "Tyuiu.PrilukovDA.Sprint5.Task3.V24.Lib\Tyuiu.PrilukovDA.Sprint5.Task3.V24.Lib.csproj", "{AE4CB86A-A13B-48F0-9EBC-3EA33900BFEF}"
EndProject
Project("{FAE04EC0-301F-11D3-BF4B-00C04F79EFBC}") = "Tyuiu.PrilukovDA.Sprint5.Task3.V24.Test", "Tyuiu.PrilukovDA.Sprint5.Task3.V24.Test\Tyuiu.PrilukovDA.Sprint5.Task3.V24.Test.csproj", "{A945DFF6-7B97-4A2A-BB4E-CFC0B48C293B}"
EndProject
Project("{2150E333-8FDC-42A3-9474-1A3956D46DE8}") = "Task4", "Task4", "{709088F2-E2B0-484D-B68D-E28A70732CB5}"
EndProject
Project("{FAE04EC0-301F-11D3-BF4B-00C04F79EFBC}") = "Tyuiu.PrilukovDA.Sprint5.Task4.V8", "Tyuiu.PrilukovDA.Sprint5.Task4.V8\Tyuiu.PrilukovDA.Sprint5.Task4.V8.csproj", "{BF6B656D-0A5D-4A84-AB27-E55FB1074163}"
EndProject
Project("{FAE04EC0-301F-11D3-BF4B-00C04F79EFBC}") = "Tyuiu.PrilukovDA.Sprint5.Task4.V8.Lib", "Tyuiu.PrilukovDA.Sprint5.Task4.V8.Lib\Tyuiu.PrilukovDA.Sprint5.Task4.V8.Lib.csproj", "{0ED5492D-F681-4EA9-AEBF-F52A47E93A59}"
EndProject
Project("{FAE04EC0-301F-11D3-BF4B-00C04F79EFBC}") = "Tyuiu.PrilukovDA.Sprint5.Task4.V8.Test", "Tyuiu.PrilukovDA.Sprint5.Task4.V8.Test\Tyuiu.PrilukovDA.Sprint5.Task4.V8.Test.csproj", "{73E3656A-8A61-4A14-B2BD-D5469C77D12D}"
EndProject
Global
	GlobalSection(SolutionConfigurationPlatforms) = preSolution
		Debug|Any CPU = Debug|Any CPU
		Release|Any CPU = Release|Any CPU
	EndGlobalSection
	GlobalSection(ProjectConfigurationPlatforms) = postSolution
		{08DD807D-0DDB-4786-A3C4-B98302D88B4E}.Debug|Any CPU.ActiveCfg = Debug|Any CPU
		{08DD807D-0DDB-4786-A3C4-B98302D88B4E}.Debug|Any CPU.Build.0 = Debug|Any CPU
		{08DD807D-0DDB-4786-A3C4-B98302D88B4E}.Release|Any CPU.ActiveCfg = Release|Any CPU
		{08DD807D-0DDB-4786-A3C4-B98302D88B4E}.Release|Any CPU.Build.0 = Release|Any CPU
		{52DB7E07-2550-4609-8701-4B8C0AB9A841}.Debug|Any CPU.ActiveCfg = Debug|Any CPU
		{52DB7E07-2550-4609-8701-4B8C0AB9A841}.Debug|Any CPU.Build.0 = Debug|Any CPU
		{52DB7E07-2550-4609-8701-4B8C0AB9A841}.Release|Any CPU.ActiveCfg = Release|Any CPU
		{52DB7E07-2550-4609-8701-4B8C0AB9A841}.Release|Any CPU.Build.0 = Release|Any CPU
		{04E1DC45-C295-4AB9-8AA5-1C1CBF782BC9}.Debug|Any CPU.ActiveCfg = Debug|Any CPU
		{04E1DC45-C295-4AB9-8AA5-1C1CBF782BC9}.Debug|Any CPU.Build.0 = Debug|Any CPU
		{04E1DC45-C295-4AB9-8AA5-1C1CBF782BC9}.Release|Any CPU.ActiveCfg = Release|Any CPU
		{04E1DC45-C295-4AB9-8AA5-1C1CBF782BC9}.Release|Any CPU.Build.0 = Release|Any CPU
		{061F0FBC-34C6-48DB-91AF-CB39929CC337}.Debug|Any CPU.ActiveCfg = Debug|Any CPU
		{061F0FBC-34C6-48DB-91AF-CB39929CC337}.Debug|Any CPU.Build.0 = Debug|Any CPU
		{061F0FBC-34C6-48DB-91AF-CB39929CC337}.Release|Any CPU.ActiveCfg = Release|Any CPU
		{061F0FBC-34C6-48DB-91AF-CB39929CC337}.Release|Any CPU.Build.0 = Release|Any CPU
		{3FB78A6C-3E10-4CF0-AAF0-4047D3E6E670}.Debug|Any CPU.ActiveCfg = Debug|Any CPU
		{3FB78A6C-3E10-4CF0-AAF0-4047D3E6E670}.Debug|Any CPU.Build.0 = Debug|Any CPU
		{3FB78A6C-3E10-4CF0-AAF0-4047D3E6E670}.Release|Any CPU.ActiveCfg = Release|Any CPU
		{3FB78A6C-3E10-4CF0-AAF0-4047D3E6E670}.Release|Any CPU.Build.0 = Release|Any CPU
		{AA240C2B-9790-474E-9EFD-D1C609170AF7}.Debug|Any CPU.ActiveCfg = Debug|Any CPU
		{AA240C2B-9790-474E-9EFD-D1C609170AF7}.Debug|Any CPU.Build.0 = Debug|Any CPU
		{AA240C2B-9790-474E-9EFD-D1C609170AF7}.Release|Any CPU.ActiveCfg = Release|Any CPU
		{AA240C2B-9790-474E-9EFD-D1C609170AF7}.Release|Any CPU.Build.0 = Release|Any CPU
		{6894516E-6C94-489A-AE5C-00A708266865}.Debug|Any CPU.ActiveCfg = Debug|Any CPU
		{6894516E-6C94-489A-AE5C-00A708266865}.Debug|Any CPU.Build.0 = Debug|Any CPU
		{6894516E-6C94-489A-AE5C-00A708266865}.Release|Any CPU.ActiveCfg = Release|Any CPU
		{6894516E-6C94-489A-AE5C-00A708266865}.Release|Any CPU.Build.0 = Release|Any CPU
		{AD137DEC-C12A-4DDD-8151-E6CA5A7D167C}.Debug|Any CPU.ActiveCfg = Debug|Any CPU
		{AD137DEC-C12A-4DDD-8151-E6CA5A7D167C}.Debug|Any CPU.Build.0 = Debug|Any CPU
		{AD137DEC-C12A-4DDD-8151-E6CA5A7D167C}.Release|Any CPU.ActiveCfg = Release|Any CPU
		{AD137DEC-C12A-4DDD-8151-E6CA5A7D167C}.Release|Any CPU.Build.0 = Release|Any CPU
		{881175DA-31F9-4A7A-89FC-8148020DC595}.Debug|Any CPU.ActiveCfg = Debug|Any CPU
		{881175DA-31F9-4A7A-89FC-8148020DC595}.Debug|Any CPU.Build.0 = Debug|Any CPU
		{881175DA-31F9-4A7A-89FC-8148020DC595}.Release|Any CPU.ActiveCfg = Release|Any CPU
		{881175DA-31F9-4A7A-89FC-8148020DC595}.Release|Any CPU.Build.0 = Release|Any CPU
		{7B0518C6-44FA-4501-A5D0-7582B5E60B99}.Debug|Any CPU.ActiveCfg = Debug|Any CPU
		{7B0518C6-44FA-4501-A5D0-7582B5E60B99}.Debug|Any CPU.Build.0 = Debug|Any CPU
		{7B0518C6-44FA-4501-A5D0-7582B5E60B99}.Release|Any CPU.ActiveCfg = Release|Any CPU
		{7B0518C6-44FA-4501-A5D0-7582B5E60B99}.Release|Any CPU.Build.0 = Release|Any CPU
		{AE4CB86A-A13B-48F0-9EBC-3EA33900BFEF}.Debug|Any CPU.ActiveCfg = Debug|Any CPU
		{AE4CB86A-A13B-48F0-9EBC-3EA33900BFEF}.Debug|Any CPU.Build.0 = Debug|Any CPU
		{AE4CB86A-A13B-48F0-9EBC-3EA33900BFEF}.Release|Any CPU.ActiveCfg = Release|Any CPU
		{AE4CB86A-A13B-48F0-9EBC-3EA33900BFEF}.Release|Any CPU.Build.0 = Release|Any CPU
		{A945DFF6-7B97-4A2A-BB4E-CFC0B48C293B}.Debug|Any CPU.ActiveCfg = Debug|Any CPU
		{A945DFF6-7B97-4A2A-BB4E-CFC0B48C293B}.Debug|Any CPU.Build.0 = Debug|Any CPU
		{A945DFF6-7B97-4A2A-BB4E-CFC0B48C293B}.Release|Any CPU.ActiveCfg = Release|Any CPU
		{A945DFF6-7B97-4A2A-BB4E-CFC0B48C293B}.Release|Any CPU.Build.0 = Release|Any CPU
		{BF6B656D-0A5D-4A84-AB27-E55FB1074163}.Debug|Any CPU.ActiveCfg = Debug|Any CPU
		{BF6B656D-0A5D-4A84-AB27-E55FB1074163}.Debug|Any CPU.Build.0 = Debug|Any CPU
		{BF6B656D-0A5D-4A84-AB27-E55FB1074163}.Release|Any CPU.ActiveCfg = Release|Any CPU
		{BF6B656D-0A5D-4A84-AB27-E55FB1074163}.Release|Any CPU.Build.0 = Release|Any CPU
		{0ED5492D-F681-4EA9-AEBF-F52A47E93A59}.Debug|Any CPU.ActiveCfg = Debug|Any CPU
		{0ED5492D-F681-4EA9-AEBF-F52A47E93A59}.Debug|Any CPU.Build.0 = Debug|Any CPU
		{0ED5492D-F681-4EA9-AEBF-F52A47E93A59}.Release|Any CPU.ActiveCfg = Release|Any CPU
		{0ED5492D-F681-4EA9-AEBF-F52A47E93A59}.Release|Any CPU.Build.0 = Release|Any CPU
		{73E3656A-8A61-4A14-B2BD-D5469C77D12D}.Debug|Any CPU.ActiveCfg = Debug|Any CPU
		{73E3656A-8A61-4A14-B2BD-D5469C77D12D}.Debug|Any CPU.Build.0 = Debug|Any CPU
		{73E3656A-8A61-4A14-B2BD-D5469C77D12D}.Release|Any CPU.ActiveCfg = Release|Any CPU
		{73E3656A-8A61-4A14-B2BD-D5469C77D12D}.Release|Any CPU.Build.0 = Release|Any CPU
	EndGlobalSection
	GlobalSection(SolutionProperties) = preSolution
		HideSolutionNode = FALSE
	EndGlobalSection
	GlobalSection(NestedProjects) = preSolution
		{08DD807D-0DDB-4786-A3C4-B98302D88B4E} = {36D591C7-65C7-A0D1-1CBC-10CDE441BDC8}
		{52DB7E07-2550-4609-8701-4B8C0AB9A841} = {36D591C7-65C7-A0D1-1CBC-10CDE441BDC8}
		{04E1DC45-C295-4AB9-8AA5-1C1CBF782BC9} = {36D591C7-65C7-A0D1-1CBC-10CDE441BDC8}
		{061F0FBC-34C6-48DB-91AF-CB39929CC337} = {27836EFB-1EA7-4EF1-AA86-9685E667DA0C}
		{3FB78A6C-3E10-4CF0-AAF0-4047D3E6E670} = {27836EFB-1EA7-4EF1-AA86-9685E667DA0C}
		{AA240C2B-9790-474E-9EFD-D1C609170AF7} = {27836EFB-1EA7-4EF1-AA86-9685E667DA0C}
		{6894516E-6C94-489A-AE5C-00A708266865} = {B53DEAA4-8725-487D-9B78-BAC43A49BCB2}
		{AD137DEC-C12A-4DDD-8151-E6CA5A7D167C} = {B53DEAA4-8725-487D-9B78-BAC43A49BCB2}
		{881175DA-31F9-4A7A-89FC-8148020DC595} = {B53DEAA4-8725-487D-9B78-BAC43A49BCB2}
		{7B0518C6-44FA-4501-A5D0-7582B5E60B99} = {9B9F00E9-B318-4AA0-953A-5F0B5D3F4010}
		{AE4CB86A-A13B-48F0-9EBC-3EA33900BFEF} = {9B9F00E9-B318-4AA0-953A-5F0B5D3F4010}
		{A945DFF6-7B97-4A2A-BB4E-CFC0B48C293B} = {9B9F00E9-B318-4AA0-953A-5F0B5D3F4010}
		{BF6B656D-0A5D-4A84-AB27-E55FB1074163} = {709088F2-E2B0-484D-B68D-E28A70732CB5}
		{0ED5492D-F681-4EA9-AEBF-F52A47E93A59} = {709088F2-E2B0-484D-B68D-E28A70732CB5}
		{73E3656A-8A61-4A14-B2BD-D5469C77D12D} = {709088F2-E2B0-484D-B68D-E28A70732CB5}
	EndGlobalSection
	GlobalSection(ExtensibilityGlobals) = postSolution
		SolutionGuid = {244D5745-8F97-4715-8FD2-01AD2164BC14}
	EndGlobalSection
EndGlobal
